
Microsoft Visual Studio Solution File, Format Version 12.00
# Visual Studio 15
VisualStudioVersion = 15.0.28307.960
MinimumVisualStudioVersion = 10.0.40219.1
Project("{8BC9CEB8-8B4A-11D0-8D11-00A0C91BC942}") = "D3DHW", "D3DHW\D3DHW.vcxproj", "{D8743751-75C4-4A71-BE03-4DCE2A870B6C}"
EndProject
Project("{2150E333-8FDC-42A3-9474-1A3956D46DE8}") = "Solution Items", "Solution Items", "{46B765E8-B403-4B21-B6F2-7BA22706071B}"
EndProject
Global
	GlobalSection(SolutionConfigurationPlatforms) = preSolution
		Debug|x64 = Debug|x64
		Debug|x86 = Debug|x86
		Release|x64 = Release|x64
		Release|x86 = Release|x86
	EndGlobalSection
	GlobalSection(ProjectConfigurationPlatforms) = postSolution
		{D8743751-75C4-4A71-BE03-4DCE2A870B6C}.Debug|x64.ActiveCfg = Debug|x64
		{D8743751-75C4-4A71-BE03-4DCE2A870B6C}.Debug|x64.Build.0 = Debug|x64
		{D8743751-75C4-4A71-BE03-4DCE2A870B6C}.Debug|x86.ActiveCfg = Debug|Win32
		{D8743751-75C4-4A71-BE03-4DCE2A870B6C}.Debug|x86.Build.0 = Debug|Win32
		{D8743751-75C4-4A71-BE03-4DCE2A870B6C}.Release|x64.ActiveCfg = Release|x64
		{D8743751-75C4-4A71-BE03-4DCE2A870B6C}.Release|x64.Build.0 = Release|x64
		{D8743751-75C4-4A71-BE03-4DCE2A870B6C}.Release|x86.ActiveCfg = Release|Win32
		{D8743751-75C4-4A71-BE03-4DCE2A870B6C}.Release|x86.Build.0 = Release|Win32
	EndGlobalSection
	GlobalSection(SolutionProperties) = preSolution
		HideSolutionNode = FALSE
	EndGlobalSection
	GlobalSection(ExtensibilityGlobals) = postSolution
		SolutionGuid = {7543388A-AF7C-4997-B379-E1F1F851961B}
	EndGlobalSection
EndGlobal
